// !$*UTF8*$!
{
	archiveVersion = 1;
	classes = {
	};
	objectVersion = 46;
	objects = {

/* Begin PBXBuildFile section */
		0F9BC1E375EC215CD2DA2AED /* Pods_Katanga.framework in Frameworks */ = {isa = PBXBuildFile; fileRef = F1236CE9D21AADE32FF9DDCA /* Pods_Katanga.framework */; };
		3A755B9089AA4BD921F59BE8 /* Pods_KatangaTests.framework in Frameworks */ = {isa = PBXBuildFile; fileRef = 4E69EAB19DF1FFBE9C26BC85 /* Pods_KatangaTests.framework */; };
		57266AE61DAA2D01002C7C12 /* AppDelegate.swift in Sources */ = {isa = PBXBuildFile; fileRef = 57266AE51DAA2D01002C7C12 /* AppDelegate.swift */; };
		57266AE81DAA2D01002C7C12 /* InitialViewController.swift in Sources */ = {isa = PBXBuildFile; fileRef = 57266AE71DAA2D01002C7C12 /* InitialViewController.swift */; };
		57266AEB1DAA2D01002C7C12 /* Main.storyboard in Resources */ = {isa = PBXBuildFile; fileRef = 57266AE91DAA2D01002C7C12 /* Main.storyboard */; };
		57266AED1DAA2D01002C7C12 /* Assets.xcassets in Resources */ = {isa = PBXBuildFile; fileRef = 57266AEC1DAA2D01002C7C12 /* Assets.xcassets */; };
		57266AF01DAA2D01002C7C12 /* LaunchScreen.storyboard in Resources */ = {isa = PBXBuildFile; fileRef = 57266AEE1DAA2D01002C7C12 /* LaunchScreen.storyboard */; };
		57266AFB1DAA2D01002C7C12 /* KatangaTests.swift in Sources */ = {isa = PBXBuildFile; fileRef = 57266AFA1DAA2D01002C7C12 /* KatangaTests.swift */; };
		57266B061DAA2D01002C7C12 /* KatangaUITests.swift in Sources */ = {isa = PBXBuildFile; fileRef = 57266B051DAA2D01002C7C12 /* KatangaUITests.swift */; };
		57266B181DAA3845002C7C12 /* CLLocationManager+Rx.swift in Sources */ = {isa = PBXBuildFile; fileRef = 57266B171DAA3845002C7C12 /* CLLocationManager+Rx.swift */; };
		57266B1A1DAA38EC002C7C12 /* RxCLLocationManagerDelegateProxy.swift in Sources */ = {isa = PBXBuildFile; fileRef = 57266B191DAA38EC002C7C12 /* RxCLLocationManagerDelegateProxy.swift */; };
		57266B201DAA6FD1002C7C12 /* Quicksand-Bold.ttf in Resources */ = {isa = PBXBuildFile; fileRef = 57266B1D1DAA6FD1002C7C12 /* Quicksand-Bold.ttf */; };
		57266B211DAA6FD1002C7C12 /* Quicksand-Light.ttf in Resources */ = {isa = PBXBuildFile; fileRef = 57266B1E1DAA6FD1002C7C12 /* Quicksand-Light.ttf */; };
		57266B221DAA6FD1002C7C12 /* Quicksand-Regular.ttf in Resources */ = {isa = PBXBuildFile; fileRef = 57266B1F1DAA6FD1002C7C12 /* Quicksand-Regular.ttf */; };
/* End PBXBuildFile section */

/* Begin PBXContainerItemProxy section */
		57266AF71DAA2D01002C7C12 /* PBXContainerItemProxy */ = {
			isa = PBXContainerItemProxy;
			containerPortal = 57266ADA1DAA2D01002C7C12 /* Project object */;
			proxyType = 1;
			remoteGlobalIDString = 57266AE11DAA2D01002C7C12;
			remoteInfo = Katanga;
		};
		57266B021DAA2D01002C7C12 /* PBXContainerItemProxy */ = {
			isa = PBXContainerItemProxy;
			containerPortal = 57266ADA1DAA2D01002C7C12 /* Project object */;
			proxyType = 1;
			remoteGlobalIDString = 57266AE11DAA2D01002C7C12;
			remoteInfo = Katanga;
		};
/* End PBXContainerItemProxy section */

/* Begin PBXFileReference section */
		4E69EAB19DF1FFBE9C26BC85 /* Pods_KatangaTests.framework */ = {isa = PBXFileReference; explicitFileType = wrapper.framework; includeInIndex = 0; path = Pods_KatangaTests.framework; sourceTree = BUILT_PRODUCTS_DIR; };
		57266AE21DAA2D01002C7C12 /* Katanga.app */ = {isa = PBXFileReference; explicitFileType = wrapper.application; includeInIndex = 0; path = Katanga.app; sourceTree = BUILT_PRODUCTS_DIR; };
		57266AE51DAA2D01002C7C12 /* AppDelegate.swift */ = {isa = PBXFileReference; lastKnownFileType = sourcecode.swift; path = AppDelegate.swift; sourceTree = "<group>"; };
		57266AE71DAA2D01002C7C12 /* InitialViewController.swift */ = {isa = PBXFileReference; lastKnownFileType = sourcecode.swift; path = InitialViewController.swift; sourceTree = "<group>"; };
		57266AEA1DAA2D01002C7C12 /* Base */ = {isa = PBXFileReference; lastKnownFileType = file.storyboard; name = Base; path = Base.lproj/Main.storyboard; sourceTree = "<group>"; };
		57266AEC1DAA2D01002C7C12 /* Assets.xcassets */ = {isa = PBXFileReference; lastKnownFileType = folder.assetcatalog; path = Assets.xcassets; sourceTree = "<group>"; };
		57266AEF1DAA2D01002C7C12 /* Base */ = {isa = PBXFileReference; lastKnownFileType = file.storyboard; name = Base; path = Base.lproj/LaunchScreen.storyboard; sourceTree = "<group>"; };
		57266AF11DAA2D01002C7C12 /* Info.plist */ = {isa = PBXFileReference; lastKnownFileType = text.plist.xml; path = Info.plist; sourceTree = "<group>"; };
		57266AF61DAA2D01002C7C12 /* KatangaTests.xctest */ = {isa = PBXFileReference; explicitFileType = wrapper.cfbundle; includeInIndex = 0; path = KatangaTests.xctest; sourceTree = BUILT_PRODUCTS_DIR; };
		57266AFA1DAA2D01002C7C12 /* KatangaTests.swift */ = {isa = PBXFileReference; lastKnownFileType = sourcecode.swift; path = KatangaTests.swift; sourceTree = "<group>"; };
		57266AFC1DAA2D01002C7C12 /* Info.plist */ = {isa = PBXFileReference; lastKnownFileType = text.plist.xml; path = Info.plist; sourceTree = "<group>"; };
		57266B011DAA2D01002C7C12 /* KatangaUITests.xctest */ = {isa = PBXFileReference; explicitFileType = wrapper.cfbundle; includeInIndex = 0; path = KatangaUITests.xctest; sourceTree = BUILT_PRODUCTS_DIR; };
		57266B051DAA2D01002C7C12 /* KatangaUITests.swift */ = {isa = PBXFileReference; lastKnownFileType = sourcecode.swift; path = KatangaUITests.swift; sourceTree = "<group>"; };
		57266B071DAA2D01002C7C12 /* Info.plist */ = {isa = PBXFileReference; lastKnownFileType = text.plist.xml; path = Info.plist; sourceTree = "<group>"; };
		57266B171DAA3845002C7C12 /* CLLocationManager+Rx.swift */ = {isa = PBXFileReference; fileEncoding = 4; lastKnownFileType = sourcecode.swift; path = "CLLocationManager+Rx.swift"; sourceTree = "<group>"; };
		57266B191DAA38EC002C7C12 /* RxCLLocationManagerDelegateProxy.swift */ = {isa = PBXFileReference; fileEncoding = 4; lastKnownFileType = sourcecode.swift; path = RxCLLocationManagerDelegateProxy.swift; sourceTree = "<group>"; };
		57266B1D1DAA6FD1002C7C12 /* Quicksand-Bold.ttf */ = {isa = PBXFileReference; lastKnownFileType = file; path = "Quicksand-Bold.ttf"; sourceTree = "<group>"; };
		57266B1E1DAA6FD1002C7C12 /* Quicksand-Light.ttf */ = {isa = PBXFileReference; lastKnownFileType = file; path = "Quicksand-Light.ttf"; sourceTree = "<group>"; };
		57266B1F1DAA6FD1002C7C12 /* Quicksand-Regular.ttf */ = {isa = PBXFileReference; lastKnownFileType = file; path = "Quicksand-Regular.ttf"; sourceTree = "<group>"; };
		6A1C44C393215D347C0A9466 /* Pods-Katanga.debug.xcconfig */ = {isa = PBXFileReference; includeInIndex = 1; lastKnownFileType = text.xcconfig; name = "Pods-Katanga.debug.xcconfig"; path = "Pods/Target Support Files/Pods-Katanga/Pods-Katanga.debug.xcconfig"; sourceTree = "<group>"; };
		796EE8059D0465BDCFF8805A /* Pods-KatangaTests.debug.xcconfig */ = {isa = PBXFileReference; includeInIndex = 1; lastKnownFileType = text.xcconfig; name = "Pods-KatangaTests.debug.xcconfig"; path = "Pods/Target Support Files/Pods-KatangaTests/Pods-KatangaTests.debug.xcconfig"; sourceTree = "<group>"; };
		AF70966AAA352DEE79F72487 /* Pods-Katanga.release.xcconfig */ = {isa = PBXFileReference; includeInIndex = 1; lastKnownFileType = text.xcconfig; name = "Pods-Katanga.release.xcconfig"; path = "Pods/Target Support Files/Pods-Katanga/Pods-Katanga.release.xcconfig"; sourceTree = "<group>"; };
		B85C332DB2262744AEA63D35 /* Pods-KatangaTests.release.xcconfig */ = {isa = PBXFileReference; includeInIndex = 1; lastKnownFileType = text.xcconfig; name = "Pods-KatangaTests.release.xcconfig"; path = "Pods/Target Support Files/Pods-KatangaTests/Pods-KatangaTests.release.xcconfig"; sourceTree = "<group>"; };
		F1236CE9D21AADE32FF9DDCA /* Pods_Katanga.framework */ = {isa = PBXFileReference; explicitFileType = wrapper.framework; includeInIndex = 0; path = Pods_Katanga.framework; sourceTree = BUILT_PRODUCTS_DIR; };
/* End PBXFileReference section */

/* Begin PBXFrameworksBuildPhase section */
		57266ADF1DAA2D01002C7C12 /* Frameworks */ = {
			isa = PBXFrameworksBuildPhase;
			buildActionMask = 2147483647;
			files = (
				0F9BC1E375EC215CD2DA2AED /* Pods_Katanga.framework in Frameworks */,
			);
			runOnlyForDeploymentPostprocessing = 0;
		};
		57266AF31DAA2D01002C7C12 /* Frameworks */ = {
			isa = PBXFrameworksBuildPhase;
			buildActionMask = 2147483647;
			files = (
				3A755B9089AA4BD921F59BE8 /* Pods_KatangaTests.framework in Frameworks */,
			);
			runOnlyForDeploymentPostprocessing = 0;
		};
		57266AFE1DAA2D01002C7C12 /* Frameworks */ = {
			isa = PBXFrameworksBuildPhase;
			buildActionMask = 2147483647;
			files = (
			);
			runOnlyForDeploymentPostprocessing = 0;
		};
/* End PBXFrameworksBuildPhase section */

/* Begin PBXGroup section */
		57266AD91DAA2D01002C7C12 = {
			isa = PBXGroup;
			children = (
				57266AE41DAA2D01002C7C12 /* Katanga */,
				57266AF91DAA2D01002C7C12 /* KatangaTests */,
				57266B041DAA2D01002C7C12 /* KatangaUITests */,
				57266AE31DAA2D01002C7C12 /* Products */,
				A843E2137716D943C002469B /* Pods */,
				FC061303F8B1796F84F9D5D9 /* Frameworks */,
			);
			sourceTree = "<group>";
		};
		57266AE31DAA2D01002C7C12 /* Products */ = {
			isa = PBXGroup;
			children = (
				57266AE21DAA2D01002C7C12 /* Katanga.app */,
				57266AF61DAA2D01002C7C12 /* KatangaTests.xctest */,
				57266B011DAA2D01002C7C12 /* KatangaUITests.xctest */,
			);
			name = Products;
			sourceTree = "<group>";
		};
		57266AE41DAA2D01002C7C12 /* Katanga */ = {
			isa = PBXGroup;
			children = (
				57266B1B1DAA6FD1002C7C12 /* Resources */,
				57266B161DAA3845002C7C12 /* Extensions */,
				57266AE51DAA2D01002C7C12 /* AppDelegate.swift */,
				57266AE71DAA2D01002C7C12 /* InitialViewController.swift */,
				57266AE91DAA2D01002C7C12 /* Main.storyboard */,
				57266AEC1DAA2D01002C7C12 /* Assets.xcassets */,
				57266AEE1DAA2D01002C7C12 /* LaunchScreen.storyboard */,
				57266AF11DAA2D01002C7C12 /* Info.plist */,
			);
			path = Katanga;
			sourceTree = "<group>";
		};
		57266AF91DAA2D01002C7C12 /* KatangaTests */ = {
			isa = PBXGroup;
			children = (
				57266AFA1DAA2D01002C7C12 /* KatangaTests.swift */,
				57266AFC1DAA2D01002C7C12 /* Info.plist */,
			);
			path = KatangaTests;
			sourceTree = "<group>";
		};
		57266B041DAA2D01002C7C12 /* KatangaUITests */ = {
			isa = PBXGroup;
			children = (
				57266B051DAA2D01002C7C12 /* KatangaUITests.swift */,
				57266B071DAA2D01002C7C12 /* Info.plist */,
			);
			path = KatangaUITests;
			sourceTree = "<group>";
		};
		57266B161DAA3845002C7C12 /* Extensions */ = {
			isa = PBXGroup;
			children = (
				57266B191DAA38EC002C7C12 /* RxCLLocationManagerDelegateProxy.swift */,
				57266B171DAA3845002C7C12 /* CLLocationManager+Rx.swift */,
			);
			path = Extensions;
			sourceTree = "<group>";
		};
		57266B1B1DAA6FD1002C7C12 /* Resources */ = {
			isa = PBXGroup;
			children = (
				57266B1C1DAA6FD1002C7C12 /* fonts */,
			);
			path = Resources;
			sourceTree = "<group>";
		};
		57266B1C1DAA6FD1002C7C12 /* fonts */ = {
			isa = PBXGroup;
			children = (
				57266B1D1DAA6FD1002C7C12 /* Quicksand-Bold.ttf */,
				57266B1E1DAA6FD1002C7C12 /* Quicksand-Light.ttf */,
				57266B1F1DAA6FD1002C7C12 /* Quicksand-Regular.ttf */,
			);
			path = fonts;
			sourceTree = "<group>";
		};
		A843E2137716D943C002469B /* Pods */ = {
			isa = PBXGroup;
			children = (
				6A1C44C393215D347C0A9466 /* Pods-Katanga.debug.xcconfig */,
				AF70966AAA352DEE79F72487 /* Pods-Katanga.release.xcconfig */,
				796EE8059D0465BDCFF8805A /* Pods-KatangaTests.debug.xcconfig */,
				B85C332DB2262744AEA63D35 /* Pods-KatangaTests.release.xcconfig */,
			);
			name = Pods;
			sourceTree = "<group>";
		};
		FC061303F8B1796F84F9D5D9 /* Frameworks */ = {
			isa = PBXGroup;
			children = (
				F1236CE9D21AADE32FF9DDCA /* Pods_Katanga.framework */,
				4E69EAB19DF1FFBE9C26BC85 /* Pods_KatangaTests.framework */,
			);
			name = Frameworks;
			sourceTree = "<group>";
		};
/* End PBXGroup section */

/* Begin PBXNativeTarget section */
		57266AE11DAA2D01002C7C12 /* Katanga */ = {
			isa = PBXNativeTarget;
			buildConfigurationList = 57266B0A1DAA2D01002C7C12 /* Build configuration list for PBXNativeTarget "Katanga" */;
			buildPhases = (
				D9D65FF9EDAC9CD74F5B7B55 /* [CP] Check Pods Manifest.lock */,
				57266ADE1DAA2D01002C7C12 /* Sources */,
				57266ADF1DAA2D01002C7C12 /* Frameworks */,
				57266AE01DAA2D01002C7C12 /* Resources */,
				CB09A2ED8C992659E560ABFB /* [CP] Embed Pods Frameworks */,
				D01D6AEF29FFE3C99DD07CB1 /* [CP] Copy Pods Resources */,
			);
			buildRules = (
			);
			dependencies = (
			);
			name = Katanga;
			productName = Katanga;
			productReference = 57266AE21DAA2D01002C7C12 /* Katanga.app */;
			productType = "com.apple.product-type.application";
		};
		57266AF51DAA2D01002C7C12 /* KatangaTests */ = {
			isa = PBXNativeTarget;
			buildConfigurationList = 57266B0D1DAA2D01002C7C12 /* Build configuration list for PBXNativeTarget "KatangaTests" */;
			buildPhases = (
				87FB5894EAF4D5314ADF4D8A /* [CP] Check Pods Manifest.lock */,
				57266AF21DAA2D01002C7C12 /* Sources */,
				57266AF31DAA2D01002C7C12 /* Frameworks */,
				57266AF41DAA2D01002C7C12 /* Resources */,
				FC154B7E8AAA37877B2DBB0A /* [CP] Embed Pods Frameworks */,
				BC6FA1D514252F4DAE24FF01 /* [CP] Copy Pods Resources */,
			);
			buildRules = (
			);
			dependencies = (
				57266AF81DAA2D01002C7C12 /* PBXTargetDependency */,
			);
			name = KatangaTests;
			productName = KatangaTests;
			productReference = 57266AF61DAA2D01002C7C12 /* KatangaTests.xctest */;
			productType = "com.apple.product-type.bundle.unit-test";
		};
		57266B001DAA2D01002C7C12 /* KatangaUITests */ = {
			isa = PBXNativeTarget;
			buildConfigurationList = 57266B101DAA2D01002C7C12 /* Build configuration list for PBXNativeTarget "KatangaUITests" */;
			buildPhases = (
				57266AFD1DAA2D01002C7C12 /* Sources */,
				57266AFE1DAA2D01002C7C12 /* Frameworks */,
				57266AFF1DAA2D01002C7C12 /* Resources */,
			);
			buildRules = (
			);
			dependencies = (
				57266B031DAA2D01002C7C12 /* PBXTargetDependency */,
			);
			name = KatangaUITests;
			productName = KatangaUITests;
			productReference = 57266B011DAA2D01002C7C12 /* KatangaUITests.xctest */;
			productType = "com.apple.product-type.bundle.ui-testing";
		};
/* End PBXNativeTarget section */

/* Begin PBXProject section */
		57266ADA1DAA2D01002C7C12 /* Project object */ = {
			isa = PBXProject;
			attributes = {
				LastSwiftUpdateCheck = 0800;
				LastUpgradeCheck = 0800;
				ORGANIZATIONNAME = "Software Craftsmanship Toledo";
				TargetAttributes = {
					57266AE11DAA2D01002C7C12 = {
						CreatedOnToolsVersion = 8.0;
						ProvisioningStyle = Automatic;
					};
					57266AF51DAA2D01002C7C12 = {
						CreatedOnToolsVersion = 8.0;
						ProvisioningStyle = Automatic;
						TestTargetID = 57266AE11DAA2D01002C7C12;
					};
					57266B001DAA2D01002C7C12 = {
						CreatedOnToolsVersion = 8.0;
						ProvisioningStyle = Automatic;
						TestTargetID = 57266AE11DAA2D01002C7C12;
					};
				};
			};
			buildConfigurationList = 57266ADD1DAA2D01002C7C12 /* Build configuration list for PBXProject "Katanga" */;
			compatibilityVersion = "Xcode 3.2";
			developmentRegion = English;
			hasScannedForEncodings = 0;
			knownRegions = (
				en,
				Base,
			);
			mainGroup = 57266AD91DAA2D01002C7C12;
			productRefGroup = 57266AE31DAA2D01002C7C12 /* Products */;
			projectDirPath = "";
			projectRoot = "";
			targets = (
				57266AE11DAA2D01002C7C12 /* Katanga */,
				57266AF51DAA2D01002C7C12 /* KatangaTests */,
				57266B001DAA2D01002C7C12 /* KatangaUITests */,
			);
		};
/* End PBXProject section */

/* Begin PBXResourcesBuildPhase section */
		57266AE01DAA2D01002C7C12 /* Resources */ = {
			isa = PBXResourcesBuildPhase;
			buildActionMask = 2147483647;
			files = (
				57266AF01DAA2D01002C7C12 /* LaunchScreen.storyboard in Resources */,
				57266B221DAA6FD1002C7C12 /* Quicksand-Regular.ttf in Resources */,
				57266AED1DAA2D01002C7C12 /* Assets.xcassets in Resources */,
				57266AEB1DAA2D01002C7C12 /* Main.storyboard in Resources */,
				57266B201DAA6FD1002C7C12 /* Quicksand-Bold.ttf in Resources */,
				57266B211DAA6FD1002C7C12 /* Quicksand-Light.ttf in Resources */,
			);
			runOnlyForDeploymentPostprocessing = 0;
		};
		57266AF41DAA2D01002C7C12 /* Resources */ = {
			isa = PBXResourcesBuildPhase;
			buildActionMask = 2147483647;
			files = (
			);
			runOnlyForDeploymentPostprocessing = 0;
		};
		57266AFF1DAA2D01002C7C12 /* Resources */ = {
			isa = PBXResourcesBuildPhase;
			buildActionMask = 2147483647;
			files = (
			);
			runOnlyForDeploymentPostprocessing = 0;
		};
/* End PBXResourcesBuildPhase section */

/* Begin PBXShellScriptBuildPhase section */
		87FB5894EAF4D5314ADF4D8A /* [CP] Check Pods Manifest.lock */ = {
			isa = PBXShellScriptBuildPhase;
			buildActionMask = 2147483647;
			files = (
			);
			inputPaths = (
			);
			name = "[CP] Check Pods Manifest.lock";
			outputPaths = (
			);
			runOnlyForDeploymentPostprocessing = 0;
			shellPath = /bin/sh;
			shellScript = "diff \"${PODS_ROOT}/../Podfile.lock\" \"${PODS_ROOT}/Manifest.lock\" > /dev/null\nif [[ $? != 0 ]] ; then\n    cat << EOM\nerror: The sandbox is not in sync with the Podfile.lock. Run 'pod install' or update your CocoaPods installation.\nEOM\n    exit 1\nfi\n";
			showEnvVarsInLog = 0;
		};
		BC6FA1D514252F4DAE24FF01 /* [CP] Copy Pods Resources */ = {
			isa = PBXShellScriptBuildPhase;
			buildActionMask = 2147483647;
			files = (
			);
			inputPaths = (
			);
			name = "[CP] Copy Pods Resources";
			outputPaths = (
			);
			runOnlyForDeploymentPostprocessing = 0;
			shellPath = /bin/sh;
			shellScript = "\"${SRCROOT}/Pods/Target Support Files/Pods-KatangaTests/Pods-KatangaTests-resources.sh\"\n";
			showEnvVarsInLog = 0;
		};
		CB09A2ED8C992659E560ABFB /* [CP] Embed Pods Frameworks */ = {
			isa = PBXShellScriptBuildPhase;
			buildActionMask = 2147483647;
			files = (
			);
			inputPaths = (
			);
			name = "[CP] Embed Pods Frameworks";
			outputPaths = (
			);
			runOnlyForDeploymentPostprocessing = 0;
			shellPath = /bin/sh;
			shellScript = "\"${SRCROOT}/Pods/Target Support Files/Pods-Katanga/Pods-Katanga-frameworks.sh\"\n";
			showEnvVarsInLog = 0;
		};
		D01D6AEF29FFE3C99DD07CB1 /* [CP] Copy Pods Resources */ = {
			isa = PBXShellScriptBuildPhase;
			buildActionMask = 2147483647;
			files = (
			);
			inputPaths = (
			);
			name = "[CP] Copy Pods Resources";
			outputPaths = (
			);
			runOnlyForDeploymentPostprocessing = 0;
			shellPath = /bin/sh;
			shellScript = "\"${SRCROOT}/Pods/Target Support Files/Pods-Katanga/Pods-Katanga-resources.sh\"\n";
			showEnvVarsInLog = 0;
		};
		D9D65FF9EDAC9CD74F5B7B55 /* [CP] Check Pods Manifest.lock */ = {
			isa = PBXShellScriptBuildPhase;
			buildActionMask = 2147483647;
			files = (
			);
			inputPaths = (
			);
			name = "[CP] Check Pods Manifest.lock";
			outputPaths = (
			);
			runOnlyForDeploymentPostprocessing = 0;
			shellPath = /bin/sh;
			shellScript = "diff \"${PODS_ROOT}/../Podfile.lock\" \"${PODS_ROOT}/Manifest.lock\" > /dev/null\nif [[ $? != 0 ]] ; then\n    cat << EOM\nerror: The sandbox is not in sync with the Podfile.lock. Run 'pod install' or update your CocoaPods installation.\nEOM\n    exit 1\nfi\n";
			showEnvVarsInLog = 0;
		};
		FC154B7E8AAA37877B2DBB0A /* [CP] Embed Pods Frameworks */ = {
			isa = PBXShellScriptBuildPhase;
			buildActionMask = 2147483647;
			files = (
			);
			inputPaths = (
			);
			name = "[CP] Embed Pods Frameworks";
			outputPaths = (
			);
			runOnlyForDeploymentPostprocessing = 0;
			shellPath = /bin/sh;
			shellScript = "\"${SRCROOT}/Pods/Target Support Files/Pods-KatangaTests/Pods-KatangaTests-frameworks.sh\"\n";
			showEnvVarsInLog = 0;
		};
/* End PBXShellScriptBuildPhase section */

/* Begin PBXSourcesBuildPhase section */
		57266ADE1DAA2D01002C7C12 /* Sources */ = {
			isa = PBXSourcesBuildPhase;
			buildActionMask = 2147483647;
			files = (
				57266B181DAA3845002C7C12 /* CLLocationManager+Rx.swift in Sources */,
				57266AE81DAA2D01002C7C12 /* InitialViewController.swift in Sources */,
				57266AE61DAA2D01002C7C12 /* AppDelegate.swift in Sources */,
				57266B1A1DAA38EC002C7C12 /* RxCLLocationManagerDelegateProxy.swift in Sources */,
			);
			runOnlyForDeploymentPostprocessing = 0;
		};
		57266AF21DAA2D01002C7C12 /* Sources */ = {
			isa = PBXSourcesBuildPhase;
			buildActionMask = 2147483647;
			files = (
				57266AFB1DAA2D01002C7C12 /* KatangaTests.swift in Sources */,
			);
			runOnlyForDeploymentPostprocessing = 0;
		};
		57266AFD1DAA2D01002C7C12 /* Sources */ = {
			isa = PBXSourcesBuildPhase;
			buildActionMask = 2147483647;
			files = (
				57266B061DAA2D01002C7C12 /* KatangaUITests.swift in Sources */,
			);
			runOnlyForDeploymentPostprocessing = 0;
		};
/* End PBXSourcesBuildPhase section */

/* Begin PBXTargetDependency section */
		57266AF81DAA2D01002C7C12 /* PBXTargetDependency */ = {
			isa = PBXTargetDependency;
			target = 57266AE11DAA2D01002C7C12 /* Katanga */;
			targetProxy = 57266AF71DAA2D01002C7C12 /* PBXContainerItemProxy */;
		};
		57266B031DAA2D01002C7C12 /* PBXTargetDependency */ = {
			isa = PBXTargetDependency;
			target = 57266AE11DAA2D01002C7C12 /* Katanga */;
			targetProxy = 57266B021DAA2D01002C7C12 /* PBXContainerItemProxy */;
		};
/* End PBXTargetDependency section */

/* Begin PBXVariantGroup section */
		57266AE91DAA2D01002C7C12 /* Main.storyboard */ = {
			isa = PBXVariantGroup;
			children = (
				57266AEA1DAA2D01002C7C12 /* Base */,
			);
			name = Main.storyboard;
			sourceTree = "<group>";
		};
		57266AEE1DAA2D01002C7C12 /* LaunchScreen.storyboard */ = {
			isa = PBXVariantGroup;
			children = (
				57266AEF1DAA2D01002C7C12 /* Base */,
			);
			name = LaunchScreen.storyboard;
			sourceTree = "<group>";
		};
/* End PBXVariantGroup section */

/* Begin XCBuildConfiguration section */
		57266B081DAA2D01002C7C12 /* Debug */ = {
			isa = XCBuildConfiguration;
			buildSettings = {
				ALWAYS_SEARCH_USER_PATHS = NO;
				CLANG_ANALYZER_NONNULL = YES;
				CLANG_CXX_LANGUAGE_STANDARD = "gnu++0x";
				CLANG_CXX_LIBRARY = "libc++";
				CLANG_ENABLE_MODULES = YES;
				CLANG_ENABLE_OBJC_ARC = YES;
				CLANG_WARN_BOOL_CONVERSION = YES;
				CLANG_WARN_CONSTANT_CONVERSION = YES;
				CLANG_WARN_DIRECT_OBJC_ISA_USAGE = YES_ERROR;
				CLANG_WARN_DOCUMENTATION_COMMENTS = YES;
				CLANG_WARN_EMPTY_BODY = YES;
				CLANG_WARN_ENUM_CONVERSION = YES;
				CLANG_WARN_INFINITE_RECURSION = YES;
				CLANG_WARN_INT_CONVERSION = YES;
				CLANG_WARN_OBJC_ROOT_CLASS = YES_ERROR;
				CLANG_WARN_SUSPICIOUS_MOVES = YES;
				CLANG_WARN_UNREACHABLE_CODE = YES;
				CLANG_WARN__DUPLICATE_METHOD_MATCH = YES;
				"CODE_SIGN_IDENTITY[sdk=iphoneos*]" = "iPhone Developer";
				COPY_PHASE_STRIP = NO;
				DEBUG_INFORMATION_FORMAT = dwarf;
				ENABLE_STRICT_OBJC_MSGSEND = YES;
				ENABLE_TESTABILITY = YES;
				GCC_C_LANGUAGE_STANDARD = gnu99;
				GCC_DYNAMIC_NO_PIC = NO;
				GCC_NO_COMMON_BLOCKS = YES;
				GCC_OPTIMIZATION_LEVEL = 0;
				GCC_PREPROCESSOR_DEFINITIONS = (
					"DEBUG=1",
					"$(inherited)",
				);
				GCC_WARN_64_TO_32_BIT_CONVERSION = YES;
				GCC_WARN_ABOUT_RETURN_TYPE = YES_ERROR;
				GCC_WARN_UNDECLARED_SELECTOR = YES;
				GCC_WARN_UNINITIALIZED_AUTOS = YES_AGGRESSIVE;
				GCC_WARN_UNUSED_FUNCTION = YES;
				GCC_WARN_UNUSED_VARIABLE = YES;
				IPHONEOS_DEPLOYMENT_TARGET = 10.0;
				MTL_ENABLE_DEBUG_INFO = YES;
				ONLY_ACTIVE_ARCH = YES;
				SDKROOT = iphoneos;
				SWIFT_ACTIVE_COMPILATION_CONDITIONS = DEBUG;
				SWIFT_OPTIMIZATION_LEVEL = "-Onone";
			};
			name = Debug;
		};
		57266B091DAA2D01002C7C12 /* Release */ = {
			isa = XCBuildConfiguration;
			buildSettings = {
				ALWAYS_SEARCH_USER_PATHS = NO;
				CLANG_ANALYZER_NONNULL = YES;
				CLANG_CXX_LANGUAGE_STANDARD = "gnu++0x";
				CLANG_CXX_LIBRARY = "libc++";
				CLANG_ENABLE_MODULES = YES;
				CLANG_ENABLE_OBJC_ARC = YES;
				CLANG_WARN_BOOL_CONVERSION = YES;
				CLANG_WARN_CONSTANT_CONVERSION = YES;
				CLANG_WARN_DIRECT_OBJC_ISA_USAGE = YES_ERROR;
				CLANG_WARN_DOCUMENTATION_COMMENTS = YES;
				CLANG_WARN_EMPTY_BODY = YES;
				CLANG_WARN_ENUM_CONVERSION = YES;
				CLANG_WARN_INFINITE_RECURSION = YES;
				CLANG_WARN_INT_CONVERSION = YES;
				CLANG_WARN_OBJC_ROOT_CLASS = YES_ERROR;
				CLANG_WARN_SUSPICIOUS_MOVES = YES;
				CLANG_WARN_UNREACHABLE_CODE = YES;
				CLANG_WARN__DUPLICATE_METHOD_MATCH = YES;
				"CODE_SIGN_IDENTITY[sdk=iphoneos*]" = "iPhone Developer";
				COPY_PHASE_STRIP = NO;
				DEBUG_INFORMATION_FORMAT = "dwarf-with-dsym";
				ENABLE_NS_ASSERTIONS = NO;
				ENABLE_STRICT_OBJC_MSGSEND = YES;
				GCC_C_LANGUAGE_STANDARD = gnu99;
				GCC_NO_COMMON_BLOCKS = YES;
				GCC_WARN_64_TO_32_BIT_CONVERSION = YES;
				GCC_WARN_ABOUT_RETURN_TYPE = YES_ERROR;
				GCC_WARN_UNDECLARED_SELECTOR = YES;
				GCC_WARN_UNINITIALIZED_AUTOS = YES_AGGRESSIVE;
				GCC_WARN_UNUSED_FUNCTION = YES;
				GCC_WARN_UNUSED_VARIABLE = YES;
				IPHONEOS_DEPLOYMENT_TARGET = 10.0;
				MTL_ENABLE_DEBUG_INFO = NO;
				SDKROOT = iphoneos;
				SWIFT_OPTIMIZATION_LEVEL = "-Owholemodule";
				VALIDATE_PRODUCT = YES;
			};
			name = Release;
		};
		57266B0B1DAA2D01002C7C12 /* Debug */ = {
			isa = XCBuildConfiguration;
			baseConfigurationReference = 6A1C44C393215D347C0A9466 /* Pods-Katanga.debug.xcconfig */;
			buildSettings = {
				ASSETCATALOG_COMPILER_APPICON_NAME = AppIcon;
				INFOPLIST_FILE = Katanga/Info.plist;
				LD_RUNPATH_SEARCH_PATHS = "$(inherited) @executable_path/Frameworks";
				PRODUCT_BUNDLE_IDENTIFIER = es.craftsmanship.toledo.Katanga;
				PRODUCT_NAME = "$(TARGET_NAME)";
				SWIFT_VERSION = 3.0;
			};
			name = Debug;
		};
		57266B0C1DAA2D01002C7C12 /* Release */ = {
			isa = XCBuildConfiguration;
			baseConfigurationReference = AF70966AAA352DEE79F72487 /* Pods-Katanga.release.xcconfig */;
			buildSettings = {
				ASSETCATALOG_COMPILER_APPICON_NAME = AppIcon;
				INFOPLIST_FILE = Katanga/Info.plist;
				LD_RUNPATH_SEARCH_PATHS = "$(inherited) @executable_path/Frameworks";
				PRODUCT_BUNDLE_IDENTIFIER = es.craftsmanship.toledo.Katanga;
				PRODUCT_NAME = "$(TARGET_NAME)";
				SWIFT_VERSION = 3.0;
			};
			name = Release;
		};
		57266B0E1DAA2D01002C7C12 /* Debug */ = {
			isa = XCBuildConfiguration;
			baseConfigurationReference = 796EE8059D0465BDCFF8805A /* Pods-KatangaTests.debug.xcconfig */;
			buildSettings = {
				ALWAYS_EMBED_SWIFT_STANDARD_LIBRARIES = YES;
				BUNDLE_LOADER = "$(TEST_HOST)";
				INFOPLIST_FILE = KatangaTests/Info.plist;
				LD_RUNPATH_SEARCH_PATHS = "$(inherited) @executable_path/Frameworks @loader_path/Frameworks";
				PRODUCT_BUNDLE_IDENTIFIER = es.craftsmanship.toledo.KatangaTests;
				PRODUCT_NAME = "$(TARGET_NAME)";
				SWIFT_VERSION = 3.0;
				TEST_HOST = "$(BUILT_PRODUCTS_DIR)/Katanga.app/Katanga";
			};
			name = Debug;
		};
		57266B0F1DAA2D01002C7C12 /* Release */ = {
			isa = XCBuildConfiguration;
			baseConfigurationReference = B85C332DB2262744AEA63D35 /* Pods-KatangaTests.release.xcconfig */;
			buildSettings = {
				ALWAYS_EMBED_SWIFT_STANDARD_LIBRARIES = YES;
				BUNDLE_LOADER = "$(TEST_HOST)";
				INFOPLIST_FILE = KatangaTests/Info.plist;
				LD_RUNPATH_SEARCH_PATHS = "$(inherited) @executable_path/Frameworks @loader_path/Frameworks";
				PRODUCT_BUNDLE_IDENTIFIER = es.craftsmanship.toledo.KatangaTests;
				PRODUCT_NAME = "$(TARGET_NAME)";
				SWIFT_VERSION = 3.0;
				TEST_HOST = "$(BUILT_PRODUCTS_DIR)/Katanga.app/Katanga";
			};
			name = Release;
		};
		57266B111DAA2D01002C7C12 /* Debug */ = {
			isa = XCBuildConfiguration;
			buildSettings = {
				ALWAYS_EMBED_SWIFT_STANDARD_LIBRARIES = YES;
				INFOPLIST_FILE = KatangaUITests/Info.plist;
				LD_RUNPATH_SEARCH_PATHS = "$(inherited) @executable_path/Frameworks @loader_path/Frameworks";
				PRODUCT_BUNDLE_IDENTIFIER = es.craftsmanship.toledo.KatangaUITests;
				PRODUCT_NAME = "$(TARGET_NAME)";
				SWIFT_VERSION = 3.0;
				TEST_TARGET_NAME = Katanga;
			};
			name = Debug;
		};
		57266B121DAA2D01002C7C12 /* Release */ = {
			isa = XCBuildConfiguration;
			buildSettings = {
				ALWAYS_EMBED_SWIFT_STANDARD_LIBRARIES = YES;
				INFOPLIST_FILE = KatangaUITests/Info.plist;
				LD_RUNPATH_SEARCH_PATHS = "$(inherited) @executable_path/Frameworks @loader_path/Frameworks";
				PRODUCT_BUNDLE_IDENTIFIER = es.craftsmanship.toledo.KatangaUITests;
				PRODUCT_NAME = "$(TARGET_NAME)";
				SWIFT_VERSION = 3.0;
				TEST_TARGET_NAME = Katanga;
			};
			name = Release;
		};
/* End XCBuildConfiguration section */

/* Begin XCConfigurationList section */
		57266ADD1DAA2D01002C7C12 /* Build configuration list for PBXProject "Katanga" */ = {
			isa = XCConfigurationList;
			buildConfigurations = (
				57266B081DAA2D01002C7C12 /* Debug */,
				57266B091DAA2D01002C7C12 /* Release */,
			);
			defaultConfigurationIsVisible = 0;
			defaultConfigurationName = Release;
		};
		57266B0A1DAA2D01002C7C12 /* Build configuration list for PBXNativeTarget "Katanga" */ = {
			isa = XCConfigurationList;
			buildConfigurations = (
				57266B0B1DAA2D01002C7C12 /* Debug */,
				57266B0C1DAA2D01002C7C12 /* Release */,
			);
			defaultConfigurationIsVisible = 0;
			defaultConfigurationName = Release;
		};
		57266B0D1DAA2D01002C7C12 /* Build configuration list for PBXNativeTarget "KatangaTests" */ = {
			isa = XCConfigurationList;
			buildConfigurations = (
				57266B0E1DAA2D01002C7C12 /* Debug */,
				57266B0F1DAA2D01002C7C12 /* Release */,
			);
			defaultConfigurationIsVisible = 0;
			defaultConfigurationName = Release;
		};
		57266B101DAA2D01002C7C12 /* Build configuration list for PBXNativeTarget "KatangaUITests" */ = {
			isa = XCConfigurationList;
			buildConfigurations = (
				57266B111DAA2D01002C7C12 /* Debug */,
				57266B121DAA2D01002C7C12 /* Release */,
			);
			defaultConfigurationIsVisible = 0;
			defaultConfigurationName = Release;
		};
/* End XCConfigurationList section */
	};
	rootObject = 57266ADA1DAA2D01002C7C12 /* Project object */;
}
