// !$*UTF8*$!
{
	archiveVersion = 1;
	classes = {
	};
	objectVersion = 46;
	objects = {

/* Begin PBXBuildFile section */
		1676B5D5B8CDEBC0E0AEF898 /* Pods_Katanga.framework in Frameworks */ = {isa = PBXBuildFile; fileRef = AC1FE72E15002ADC31951915 /* Pods_Katanga.framework */; };
		571EBB0A1DBCB3E800DC71C5 /* NearBusStopsViewController.swift in Sources */ = {isa = PBXBuildFile; fileRef = 571EBB091DBCB3E800DC71C5 /* NearBusStopsViewController.swift */; };
		571EBB0D1DBCB7B800DC71C5 /* NearBusStopCell.swift in Sources */ = {isa = PBXBuildFile; fileRef = 571EBB0B1DBCB7B800DC71C5 /* NearBusStopCell.swift */; };
		571EBB0E1DBCB7B800DC71C5 /* NearBusStopCell.xib in Resources */ = {isa = PBXBuildFile; fileRef = 571EBB0C1DBCB7B800DC71C5 /* NearBusStopCell.xib */; };
		571EBB131DBCBD3600DC71C5 /* logo_small.png in Resources */ = {isa = PBXBuildFile; fileRef = 571EBB121DBCBD3600DC71C5 /* logo_small.png */; };
		571EBB151DBCBD6600DC71C5 /* busboldyellow.png in Resources */ = {isa = PBXBuildFile; fileRef = 571EBB141DBCBD6600DC71C5 /* busboldyellow.png */; };
		571EBB181DBCC86F00DC71C5 /* BusComingCell.swift in Sources */ = {isa = PBXBuildFile; fileRef = 571EBB161DBCC86F00DC71C5 /* BusComingCell.swift */; };
		571EBB191DBCC86F00DC71C5 /* BusComingCell.xib in Resources */ = {isa = PBXBuildFile; fileRef = 571EBB171DBCC86F00DC71C5 /* BusComingCell.xib */; };
		571EBB1B1DBCD90C00DC71C5 /* NibLoadable.swift in Sources */ = {isa = PBXBuildFile; fileRef = 571EBB1A1DBCD90C00DC71C5 /* NibLoadable.swift */; };
		571EBB1D1DBCD96100DC71C5 /* ReusableView.swift in Sources */ = {isa = PBXBuildFile; fileRef = 571EBB1C1DBCD96100DC71C5 /* ReusableView.swift */; };
		571EBB1F1DBCD9AF00DC71C5 /* UITableView+Katanga.swift in Sources */ = {isa = PBXBuildFile; fileRef = 571EBB1E1DBCD9AF00DC71C5 /* UITableView+Katanga.swift */; };
		57266AE61DAA2D01002C7C12 /* AppDelegate.swift in Sources */ = {isa = PBXBuildFile; fileRef = 57266AE51DAA2D01002C7C12 /* AppDelegate.swift */; };
		57266AE81DAA2D01002C7C12 /* InitialViewController.swift in Sources */ = {isa = PBXBuildFile; fileRef = 57266AE71DAA2D01002C7C12 /* InitialViewController.swift */; };
		57266AEB1DAA2D01002C7C12 /* Main.storyboard in Resources */ = {isa = PBXBuildFile; fileRef = 57266AE91DAA2D01002C7C12 /* Main.storyboard */; };
		57266AED1DAA2D01002C7C12 /* Assets.xcassets in Resources */ = {isa = PBXBuildFile; fileRef = 57266AEC1DAA2D01002C7C12 /* Assets.xcassets */; };
		57266AF01DAA2D01002C7C12 /* LaunchScreen.storyboard in Resources */ = {isa = PBXBuildFile; fileRef = 57266AEE1DAA2D01002C7C12 /* LaunchScreen.storyboard */; };
		57266AFB1DAA2D01002C7C12 /* KatangaTests.swift in Sources */ = {isa = PBXBuildFile; fileRef = 57266AFA1DAA2D01002C7C12 /* KatangaTests.swift */; };
		57266B061DAA2D01002C7C12 /* KatangaUITests.swift in Sources */ = {isa = PBXBuildFile; fileRef = 57266B051DAA2D01002C7C12 /* KatangaUITests.swift */; };
		57266B201DAA6FD1002C7C12 /* Quicksand-Bold.ttf in Resources */ = {isa = PBXBuildFile; fileRef = 57266B1D1DAA6FD1002C7C12 /* Quicksand-Bold.ttf */; };
		57266B211DAA6FD1002C7C12 /* Quicksand-Light.ttf in Resources */ = {isa = PBXBuildFile; fileRef = 57266B1E1DAA6FD1002C7C12 /* Quicksand-Light.ttf */; };
		57266B221DAA6FD1002C7C12 /* Quicksand-Regular.ttf in Resources */ = {isa = PBXBuildFile; fileRef = 57266B1F1DAA6FD1002C7C12 /* Quicksand-Regular.ttf */; };
		57503F7D1DAAAB9000B39E24 /* UIColor+Katanga.swift in Sources */ = {isa = PBXBuildFile; fileRef = 57503F7C1DAAAB9000B39E24 /* UIColor+Katanga.swift */; };
		578961391DBBEE4F00C10285 /* BusStop.swift in Sources */ = {isa = PBXBuildFile; fileRef = 578961371DBBEE4F00C10285 /* BusStop.swift */; };
		5789613A1DBBEE4F00C10285 /* Route.swift in Sources */ = {isa = PBXBuildFile; fileRef = 578961381DBBEE4F00C10285 /* Route.swift */; };
		5789613D1DBBEEAE00C10285 /* BusApi.swift in Sources */ = {isa = PBXBuildFile; fileRef = 5789613C1DBBEEAE00C10285 /* BusApi.swift */; };
		578961401DBBEF0000C10285 /* KatangaBusApiClient.swift in Sources */ = {isa = PBXBuildFile; fileRef = 5789613F1DBBEF0000C10285 /* KatangaBusApiClient.swift */; };
		578961421DBBF8B900C10285 /* RoutesViewController.swift in Sources */ = {isa = PBXBuildFile; fileRef = 578961411DBBF8B900C10285 /* RoutesViewController.swift */; };
		578961471DBC012B00C10285 /* ActivityIndicator.swift in Sources */ = {isa = PBXBuildFile; fileRef = 578961461DBC012B00C10285 /* ActivityIndicator.swift */; };
		5789614B1DBC168A00C10285 /* RoutesCell.swift in Sources */ = {isa = PBXBuildFile; fileRef = 578961491DBC168A00C10285 /* RoutesCell.swift */; };
		5789614C1DBC168A00C10285 /* RoutesCell.xib in Resources */ = {isa = PBXBuildFile; fileRef = 5789614A1DBC168A00C10285 /* RoutesCell.xib */; };
		5789614E1DBC1DCB00C10285 /* NearBusStop.swift in Sources */ = {isa = PBXBuildFile; fileRef = 5789614D1DBC1DCB00C10285 /* NearBusStop.swift */; };
		7389446DE7BEE16F80D0E5F7 /* Pods_KatangaTests.framework in Frameworks */ = {isa = PBXBuildFile; fileRef = A995697FA2C2DAC5D41F9311 /* Pods_KatangaTests.framework */; };
/* End PBXBuildFile section */

/* Begin PBXContainerItemProxy section */
		57266AF71DAA2D01002C7C12 /* PBXContainerItemProxy */ = {
			isa = PBXContainerItemProxy;
			containerPortal = 57266ADA1DAA2D01002C7C12 /* Project object */;
			proxyType = 1;
			remoteGlobalIDString = 57266AE11DAA2D01002C7C12;
			remoteInfo = Katanga;
		};
		57266B021DAA2D01002C7C12 /* PBXContainerItemProxy */ = {
			isa = PBXContainerItemProxy;
			containerPortal = 57266ADA1DAA2D01002C7C12 /* Project object */;
			proxyType = 1;
			remoteGlobalIDString = 57266AE11DAA2D01002C7C12;
			remoteInfo = Katanga;
		};
/* End PBXContainerItemProxy section */

/* Begin PBXFileReference section */
		1B520E40BEB35B8DCED8C035 /* Pods-KatangaTests.release.xcconfig */ = {isa = PBXFileReference; includeInIndex = 1; lastKnownFileType = text.xcconfig; name = "Pods-KatangaTests.release.xcconfig"; path = "Pods/Target Support Files/Pods-KatangaTests/Pods-KatangaTests.release.xcconfig"; sourceTree = "<group>"; };
		37AF01D659EF3EA94DF5D3B0 /* Pods-Katanga.debug.xcconfig */ = {isa = PBXFileReference; includeInIndex = 1; lastKnownFileType = text.xcconfig; name = "Pods-Katanga.debug.xcconfig"; path = "Pods/Target Support Files/Pods-Katanga/Pods-Katanga.debug.xcconfig"; sourceTree = "<group>"; };
		5217E5A9F020BCD3FB6D5BA8 /* Pods-KatangaTests.debug.xcconfig */ = {isa = PBXFileReference; includeInIndex = 1; lastKnownFileType = text.xcconfig; name = "Pods-KatangaTests.debug.xcconfig"; path = "Pods/Target Support Files/Pods-KatangaTests/Pods-KatangaTests.debug.xcconfig"; sourceTree = "<group>"; };
		571EBB091DBCB3E800DC71C5 /* NearBusStopsViewController.swift */ = {isa = PBXFileReference; fileEncoding = 4; lastKnownFileType = sourcecode.swift; path = NearBusStopsViewController.swift; sourceTree = "<group>"; };
		571EBB0B1DBCB7B800DC71C5 /* NearBusStopCell.swift */ = {isa = PBXFileReference; fileEncoding = 4; lastKnownFileType = sourcecode.swift; path = NearBusStopCell.swift; sourceTree = "<group>"; };
		571EBB0C1DBCB7B800DC71C5 /* NearBusStopCell.xib */ = {isa = PBXFileReference; fileEncoding = 4; lastKnownFileType = file.xib; path = NearBusStopCell.xib; sourceTree = "<group>"; };
		571EBB121DBCBD3600DC71C5 /* logo_small.png */ = {isa = PBXFileReference; lastKnownFileType = image.png; path = logo_small.png; sourceTree = "<group>"; };
		571EBB141DBCBD6600DC71C5 /* busboldyellow.png */ = {isa = PBXFileReference; lastKnownFileType = image.png; path = busboldyellow.png; sourceTree = "<group>"; };
		571EBB161DBCC86F00DC71C5 /* BusComingCell.swift */ = {isa = PBXFileReference; fileEncoding = 4; lastKnownFileType = sourcecode.swift; path = BusComingCell.swift; sourceTree = "<group>"; };
		571EBB171DBCC86F00DC71C5 /* BusComingCell.xib */ = {isa = PBXFileReference; fileEncoding = 4; lastKnownFileType = file.xib; path = BusComingCell.xib; sourceTree = "<group>"; };
		571EBB1A1DBCD90C00DC71C5 /* NibLoadable.swift */ = {isa = PBXFileReference; fileEncoding = 4; lastKnownFileType = sourcecode.swift; path = NibLoadable.swift; sourceTree = "<group>"; };
		571EBB1C1DBCD96100DC71C5 /* ReusableView.swift */ = {isa = PBXFileReference; fileEncoding = 4; lastKnownFileType = sourcecode.swift; path = ReusableView.swift; sourceTree = "<group>"; };
		571EBB1E1DBCD9AF00DC71C5 /* UITableView+Katanga.swift */ = {isa = PBXFileReference; fileEncoding = 4; lastKnownFileType = sourcecode.swift; path = "UITableView+Katanga.swift"; sourceTree = "<group>"; };
		57266AE21DAA2D01002C7C12 /* Katanga.app */ = {isa = PBXFileReference; explicitFileType = wrapper.application; includeInIndex = 0; path = Katanga.app; sourceTree = BUILT_PRODUCTS_DIR; };
		57266AE51DAA2D01002C7C12 /* AppDelegate.swift */ = {isa = PBXFileReference; lastKnownFileType = sourcecode.swift; path = AppDelegate.swift; sourceTree = "<group>"; };
		57266AE71DAA2D01002C7C12 /* InitialViewController.swift */ = {isa = PBXFileReference; lastKnownFileType = sourcecode.swift; path = InitialViewController.swift; sourceTree = "<group>"; };
		57266AEA1DAA2D01002C7C12 /* Base */ = {isa = PBXFileReference; lastKnownFileType = file.storyboard; name = Base; path = Base.lproj/Main.storyboard; sourceTree = "<group>"; };
		57266AEC1DAA2D01002C7C12 /* Assets.xcassets */ = {isa = PBXFileReference; lastKnownFileType = folder.assetcatalog; path = Assets.xcassets; sourceTree = "<group>"; };
		57266AEF1DAA2D01002C7C12 /* Base */ = {isa = PBXFileReference; lastKnownFileType = file.storyboard; name = Base; path = Base.lproj/LaunchScreen.storyboard; sourceTree = "<group>"; };
		57266AF11DAA2D01002C7C12 /* Info.plist */ = {isa = PBXFileReference; lastKnownFileType = text.plist.xml; path = Info.plist; sourceTree = "<group>"; };
		57266AF61DAA2D01002C7C12 /* KatangaTests.xctest */ = {isa = PBXFileReference; explicitFileType = wrapper.cfbundle; includeInIndex = 0; path = KatangaTests.xctest; sourceTree = BUILT_PRODUCTS_DIR; };
		57266AFA1DAA2D01002C7C12 /* KatangaTests.swift */ = {isa = PBXFileReference; lastKnownFileType = sourcecode.swift; path = KatangaTests.swift; sourceTree = "<group>"; };
		57266AFC1DAA2D01002C7C12 /* Info.plist */ = {isa = PBXFileReference; lastKnownFileType = text.plist.xml; path = Info.plist; sourceTree = "<group>"; };
		57266B011DAA2D01002C7C12 /* KatangaUITests.xctest */ = {isa = PBXFileReference; explicitFileType = wrapper.cfbundle; includeInIndex = 0; path = KatangaUITests.xctest; sourceTree = BUILT_PRODUCTS_DIR; };
		57266B051DAA2D01002C7C12 /* KatangaUITests.swift */ = {isa = PBXFileReference; lastKnownFileType = sourcecode.swift; path = KatangaUITests.swift; sourceTree = "<group>"; };
		57266B071DAA2D01002C7C12 /* Info.plist */ = {isa = PBXFileReference; lastKnownFileType = text.plist.xml; path = Info.plist; sourceTree = "<group>"; };
		57266B1D1DAA6FD1002C7C12 /* Quicksand-Bold.ttf */ = {isa = PBXFileReference; lastKnownFileType = file; path = "Quicksand-Bold.ttf"; sourceTree = "<group>"; };
		57266B1E1DAA6FD1002C7C12 /* Quicksand-Light.ttf */ = {isa = PBXFileReference; lastKnownFileType = file; path = "Quicksand-Light.ttf"; sourceTree = "<group>"; };
		57266B1F1DAA6FD1002C7C12 /* Quicksand-Regular.ttf */ = {isa = PBXFileReference; lastKnownFileType = file; path = "Quicksand-Regular.ttf"; sourceTree = "<group>"; };
		57503F7C1DAAAB9000B39E24 /* UIColor+Katanga.swift */ = {isa = PBXFileReference; fileEncoding = 4; lastKnownFileType = sourcecode.swift; path = "UIColor+Katanga.swift"; sourceTree = "<group>"; };
		578961371DBBEE4F00C10285 /* BusStop.swift */ = {isa = PBXFileReference; fileEncoding = 4; lastKnownFileType = sourcecode.swift; path = BusStop.swift; sourceTree = "<group>"; };
		578961381DBBEE4F00C10285 /* Route.swift */ = {isa = PBXFileReference; fileEncoding = 4; lastKnownFileType = sourcecode.swift; path = Route.swift; sourceTree = "<group>"; };
		5789613C1DBBEEAE00C10285 /* BusApi.swift */ = {isa = PBXFileReference; fileEncoding = 4; lastKnownFileType = sourcecode.swift; path = BusApi.swift; sourceTree = "<group>"; };
		5789613F1DBBEF0000C10285 /* KatangaBusApiClient.swift */ = {isa = PBXFileReference; fileEncoding = 4; lastKnownFileType = sourcecode.swift; path = KatangaBusApiClient.swift; sourceTree = "<group>"; };
		578961411DBBF8B900C10285 /* RoutesViewController.swift */ = {isa = PBXFileReference; fileEncoding = 4; lastKnownFileType = sourcecode.swift; path = RoutesViewController.swift; sourceTree = "<group>"; };
		578961461DBC012B00C10285 /* ActivityIndicator.swift */ = {isa = PBXFileReference; fileEncoding = 4; lastKnownFileType = sourcecode.swift; path = ActivityIndicator.swift; sourceTree = "<group>"; };
		578961491DBC168A00C10285 /* RoutesCell.swift */ = {isa = PBXFileReference; fileEncoding = 4; lastKnownFileType = sourcecode.swift; path = RoutesCell.swift; sourceTree = "<group>"; };
		5789614A1DBC168A00C10285 /* RoutesCell.xib */ = {isa = PBXFileReference; fileEncoding = 4; lastKnownFileType = file.xib; path = RoutesCell.xib; sourceTree = "<group>"; };
		5789614D1DBC1DCB00C10285 /* NearBusStop.swift */ = {isa = PBXFileReference; fileEncoding = 4; lastKnownFileType = sourcecode.swift; path = NearBusStop.swift; sourceTree = "<group>"; };
		A995697FA2C2DAC5D41F9311 /* Pods_KatangaTests.framework */ = {isa = PBXFileReference; explicitFileType = wrapper.framework; includeInIndex = 0; path = Pods_KatangaTests.framework; sourceTree = BUILT_PRODUCTS_DIR; };
		AC1FE72E15002ADC31951915 /* Pods_Katanga.framework */ = {isa = PBXFileReference; explicitFileType = wrapper.framework; includeInIndex = 0; path = Pods_Katanga.framework; sourceTree = BUILT_PRODUCTS_DIR; };
		EF23F5942F1D41FCE071FC77 /* Pods-Katanga.release.xcconfig */ = {isa = PBXFileReference; includeInIndex = 1; lastKnownFileType = text.xcconfig; name = "Pods-Katanga.release.xcconfig"; path = "Pods/Target Support Files/Pods-Katanga/Pods-Katanga.release.xcconfig"; sourceTree = "<group>"; };
/* End PBXFileReference section */

/* Begin PBXFrameworksBuildPhase section */
		57266ADF1DAA2D01002C7C12 /* Frameworks */ = {
			isa = PBXFrameworksBuildPhase;
			buildActionMask = 2147483647;
			files = (
				1676B5D5B8CDEBC0E0AEF898 /* Pods_Katanga.framework in Frameworks */,
			);
			runOnlyForDeploymentPostprocessing = 0;
		};
		57266AF31DAA2D01002C7C12 /* Frameworks */ = {
			isa = PBXFrameworksBuildPhase;
			buildActionMask = 2147483647;
			files = (
				7389446DE7BEE16F80D0E5F7 /* Pods_KatangaTests.framework in Frameworks */,
			);
			runOnlyForDeploymentPostprocessing = 0;
		};
		57266AFE1DAA2D01002C7C12 /* Frameworks */ = {
			isa = PBXFrameworksBuildPhase;
			buildActionMask = 2147483647;
			files = (
			);
			runOnlyForDeploymentPostprocessing = 0;
		};
/* End PBXFrameworksBuildPhase section */

/* Begin PBXGroup section */
		571EBB111DBCBD2B00DC71C5 /* Images */ = {
			isa = PBXGroup;
			children = (
				571EBB141DBCBD6600DC71C5 /* busboldyellow.png */,
				571EBB121DBCBD3600DC71C5 /* logo_small.png */,
			);
			name = Images;
			sourceTree = "<group>";
		};
		57266AD91DAA2D01002C7C12 = {
			isa = PBXGroup;
			children = (
				57266AE41DAA2D01002C7C12 /* Katanga */,
				57266AF91DAA2D01002C7C12 /* KatangaTests */,
				57266B041DAA2D01002C7C12 /* KatangaUITests */,
				57266AE31DAA2D01002C7C12 /* Products */,
				BE5515A051060DCB394D1585 /* Pods */,
				B3B6F3BA6419274AB4636013 /* Frameworks */,
			);
			sourceTree = "<group>";
		};
		57266AE31DAA2D01002C7C12 /* Products */ = {
			isa = PBXGroup;
			children = (
				57266AE21DAA2D01002C7C12 /* Katanga.app */,
				57266AF61DAA2D01002C7C12 /* KatangaTests.xctest */,
				57266B011DAA2D01002C7C12 /* KatangaUITests.xctest */,
			);
			name = Products;
			sourceTree = "<group>";
		};
		57266AE41DAA2D01002C7C12 /* Katanga */ = {
			isa = PBXGroup;
			children = (
				578961481DBC167A00C10285 /* Cells */,
				5789613B1DBBEEA800C10285 /* Network */,
				578961361DBBEE4F00C10285 /* Models */,
				57266B1B1DAA6FD1002C7C12 /* Resources */,
				57266B161DAA3845002C7C12 /* Extensions */,
				57266AE51DAA2D01002C7C12 /* AppDelegate.swift */,
				57266AE71DAA2D01002C7C12 /* InitialViewController.swift */,
				578961411DBBF8B900C10285 /* RoutesViewController.swift */,
				57266AE91DAA2D01002C7C12 /* Main.storyboard */,
				57266AEC1DAA2D01002C7C12 /* Assets.xcassets */,
				57266AEE1DAA2D01002C7C12 /* LaunchScreen.storyboard */,
				57266AF11DAA2D01002C7C12 /* Info.plist */,
				571EBB091DBCB3E800DC71C5 /* NearBusStopsViewController.swift */,
			);
			path = Katanga;
			sourceTree = "<group>";
		};
		57266AF91DAA2D01002C7C12 /* KatangaTests */ = {
			isa = PBXGroup;
			children = (
				57266AFA1DAA2D01002C7C12 /* KatangaTests.swift */,
				57266AFC1DAA2D01002C7C12 /* Info.plist */,
			);
			path = KatangaTests;
			sourceTree = "<group>";
		};
		57266B041DAA2D01002C7C12 /* KatangaUITests */ = {
			isa = PBXGroup;
			children = (
				57266B051DAA2D01002C7C12 /* KatangaUITests.swift */,
				57266B071DAA2D01002C7C12 /* Info.plist */,
			);
			path = KatangaUITests;
			sourceTree = "<group>";
		};
		57266B161DAA3845002C7C12 /* Extensions */ = {
			isa = PBXGroup;
			children = (
				578961461DBC012B00C10285 /* ActivityIndicator.swift */,
				57503F7C1DAAAB9000B39E24 /* UIColor+Katanga.swift */,
				571EBB1A1DBCD90C00DC71C5 /* NibLoadable.swift */,
				571EBB1C1DBCD96100DC71C5 /* ReusableView.swift */,
				571EBB1E1DBCD9AF00DC71C5 /* UITableView+Katanga.swift */,
			);
			path = Extensions;
			sourceTree = "<group>";
		};
		57266B1B1DAA6FD1002C7C12 /* Resources */ = {
			isa = PBXGroup;
			children = (
				571EBB111DBCBD2B00DC71C5 /* Images */,
				57266B1C1DAA6FD1002C7C12 /* fonts */,
			);
			path = Resources;
			sourceTree = "<group>";
		};
		57266B1C1DAA6FD1002C7C12 /* fonts */ = {
			isa = PBXGroup;
			children = (
				57266B1D1DAA6FD1002C7C12 /* Quicksand-Bold.ttf */,
				57266B1E1DAA6FD1002C7C12 /* Quicksand-Light.ttf */,
				57266B1F1DAA6FD1002C7C12 /* Quicksand-Regular.ttf */,
			);
			path = fonts;
			sourceTree = "<group>";
		};
		578961361DBBEE4F00C10285 /* Models */ = {
			isa = PBXGroup;
			children = (
				578961371DBBEE4F00C10285 /* BusStop.swift */,
				578961381DBBEE4F00C10285 /* Route.swift */,
				5789614D1DBC1DCB00C10285 /* NearBusStop.swift */,
			);
			path = Models;
			sourceTree = "<group>";
		};
		5789613B1DBBEEA800C10285 /* Network */ = {
			isa = PBXGroup;
			children = (
				5789613C1DBBEEAE00C10285 /* BusApi.swift */,
				5789613F1DBBEF0000C10285 /* KatangaBusApiClient.swift */,
			);
			path = Network;
			sourceTree = "<group>";
		};
		578961481DBC167A00C10285 /* Cells */ = {
			isa = PBXGroup;
			children = (
				578961491DBC168A00C10285 /* RoutesCell.swift */,
				571EBB0B1DBCB7B800DC71C5 /* NearBusStopCell.swift */,
				571EBB0C1DBCB7B800DC71C5 /* NearBusStopCell.xib */,
				5789614A1DBC168A00C10285 /* RoutesCell.xib */,
				571EBB161DBCC86F00DC71C5 /* BusComingCell.swift */,
				571EBB171DBCC86F00DC71C5 /* BusComingCell.xib */,
			);
			path = Cells;
			sourceTree = "<group>";
		};
		B3B6F3BA6419274AB4636013 /* Frameworks */ = {
			isa = PBXGroup;
			children = (
				AC1FE72E15002ADC31951915 /* Pods_Katanga.framework */,
				A995697FA2C2DAC5D41F9311 /* Pods_KatangaTests.framework */,
			);
			name = Frameworks;
			sourceTree = "<group>";
		};
		BE5515A051060DCB394D1585 /* Pods */ = {
			isa = PBXGroup;
			children = (
				37AF01D659EF3EA94DF5D3B0 /* Pods-Katanga.debug.xcconfig */,
				EF23F5942F1D41FCE071FC77 /* Pods-Katanga.release.xcconfig */,
				5217E5A9F020BCD3FB6D5BA8 /* Pods-KatangaTests.debug.xcconfig */,
				1B520E40BEB35B8DCED8C035 /* Pods-KatangaTests.release.xcconfig */,
			);
			name = Pods;
			sourceTree = "<group>";
		};
/* End PBXGroup section */

/* Begin PBXNativeTarget section */
		57266AE11DAA2D01002C7C12 /* Katanga */ = {
			isa = PBXNativeTarget;
			buildConfigurationList = 57266B0A1DAA2D01002C7C12 /* Build configuration list for PBXNativeTarget "Katanga" */;
			buildPhases = (
				3DF0CBDEE0D7DB545D8F3DA2 /* [CP] Check Pods Manifest.lock */,
				57266ADE1DAA2D01002C7C12 /* Sources */,
				57266ADF1DAA2D01002C7C12 /* Frameworks */,
				57266AE01DAA2D01002C7C12 /* Resources */,
				86F84AADF9045CEB21787106 /* [CP] Embed Pods Frameworks */,
				6D3F3ACE937BA28DB88E466C /* [CP] Copy Pods Resources */,
			);
			buildRules = (
			);
			dependencies = (
			);
			name = Katanga;
			productName = Katanga;
			productReference = 57266AE21DAA2D01002C7C12 /* Katanga.app */;
			productType = "com.apple.product-type.application";
		};
		57266AF51DAA2D01002C7C12 /* KatangaTests */ = {
			isa = PBXNativeTarget;
			buildConfigurationList = 57266B0D1DAA2D01002C7C12 /* Build configuration list for PBXNativeTarget "KatangaTests" */;
			buildPhases = (
				F260A5ED11879598A072F5A6 /* [CP] Check Pods Manifest.lock */,
				57266AF21DAA2D01002C7C12 /* Sources */,
				57266AF31DAA2D01002C7C12 /* Frameworks */,
				57266AF41DAA2D01002C7C12 /* Resources */,
				AC34FF75135A09D6F12901B0 /* [CP] Embed Pods Frameworks */,
				294158968E8DCD0475788798 /* [CP] Copy Pods Resources */,
			);
			buildRules = (
			);
			dependencies = (
				57266AF81DAA2D01002C7C12 /* PBXTargetDependency */,
			);
			name = KatangaTests;
			productName = KatangaTests;
			productReference = 57266AF61DAA2D01002C7C12 /* KatangaTests.xctest */;
			productType = "com.apple.product-type.bundle.unit-test";
		};
		57266B001DAA2D01002C7C12 /* KatangaUITests */ = {
			isa = PBXNativeTarget;
			buildConfigurationList = 57266B101DAA2D01002C7C12 /* Build configuration list for PBXNativeTarget "KatangaUITests" */;
			buildPhases = (
				57266AFD1DAA2D01002C7C12 /* Sources */,
				57266AFE1DAA2D01002C7C12 /* Frameworks */,
				57266AFF1DAA2D01002C7C12 /* Resources */,
			);
			buildRules = (
			);
			dependencies = (
				57266B031DAA2D01002C7C12 /* PBXTargetDependency */,
			);
			name = KatangaUITests;
			productName = KatangaUITests;
			productReference = 57266B011DAA2D01002C7C12 /* KatangaUITests.xctest */;
			productType = "com.apple.product-type.bundle.ui-testing";
		};
/* End PBXNativeTarget section */

/* Begin PBXProject section */
		57266ADA1DAA2D01002C7C12 /* Project object */ = {
			isa = PBXProject;
			attributes = {
				LastSwiftUpdateCheck = 0800;
				LastUpgradeCheck = 0800;
				ORGANIZATIONNAME = "Software Craftsmanship Toledo";
				TargetAttributes = {
					57266AE11DAA2D01002C7C12 = {
						CreatedOnToolsVersion = 8.0;
						ProvisioningStyle = Automatic;
					};
					57266AF51DAA2D01002C7C12 = {
						CreatedOnToolsVersion = 8.0;
						ProvisioningStyle = Automatic;
						TestTargetID = 57266AE11DAA2D01002C7C12;
					};
					57266B001DAA2D01002C7C12 = {
						CreatedOnToolsVersion = 8.0;
						ProvisioningStyle = Automatic;
						TestTargetID = 57266AE11DAA2D01002C7C12;
					};
				};
			};
			buildConfigurationList = 57266ADD1DAA2D01002C7C12 /* Build configuration list for PBXProject "Katanga" */;
			compatibilityVersion = "Xcode 3.2";
			developmentRegion = English;
			hasScannedForEncodings = 0;
			knownRegions = (
				en,
				Base,
			);
			mainGroup = 57266AD91DAA2D01002C7C12;
			productRefGroup = 57266AE31DAA2D01002C7C12 /* Products */;
			projectDirPath = "";
			projectRoot = "";
			targets = (
				57266AE11DAA2D01002C7C12 /* Katanga */,
				57266AF51DAA2D01002C7C12 /* KatangaTests */,
				57266B001DAA2D01002C7C12 /* KatangaUITests */,
			);
		};
/* End PBXProject section */

/* Begin PBXResourcesBuildPhase section */
		57266AE01DAA2D01002C7C12 /* Resources */ = {
			isa = PBXResourcesBuildPhase;
			buildActionMask = 2147483647;
			files = (
				5789614C1DBC168A00C10285 /* RoutesCell.xib in Resources */,
				571EBB0E1DBCB7B800DC71C5 /* NearBusStopCell.xib in Resources */,
				57266AF01DAA2D01002C7C12 /* LaunchScreen.storyboard in Resources */,
				57266B221DAA6FD1002C7C12 /* Quicksand-Regular.ttf in Resources */,
				571EBB191DBCC86F00DC71C5 /* BusComingCell.xib in Resources */,
				57266AED1DAA2D01002C7C12 /* Assets.xcassets in Resources */,
				571EBB151DBCBD6600DC71C5 /* busboldyellow.png in Resources */,
				571EBB131DBCBD3600DC71C5 /* logo_small.png in Resources */,
				57266AEB1DAA2D01002C7C12 /* Main.storyboard in Resources */,
				57266B201DAA6FD1002C7C12 /* Quicksand-Bold.ttf in Resources */,
				57266B211DAA6FD1002C7C12 /* Quicksand-Light.ttf in Resources */,
			);
			runOnlyForDeploymentPostprocessing = 0;
		};
		57266AF41DAA2D01002C7C12 /* Resources */ = {
			isa = PBXResourcesBuildPhase;
			buildActionMask = 2147483647;
			files = (
			);
			runOnlyForDeploymentPostprocessing = 0;
		};
		57266AFF1DAA2D01002C7C12 /* Resources */ = {
			isa = PBXResourcesBuildPhase;
			buildActionMask = 2147483647;
			files = (
			);
			runOnlyForDeploymentPostprocessing = 0;
		};
/* End PBXResourcesBuildPhase section */

/* Begin PBXShellScriptBuildPhase section */
		294158968E8DCD0475788798 /* [CP] Copy Pods Resources */ = {
			isa = PBXShellScriptBuildPhase;
			buildActionMask = 2147483647;
			files = (
			);
			inputPaths = (
			);
			name = "[CP] Copy Pods Resources";
			outputPaths = (
			);
			runOnlyForDeploymentPostprocessing = 0;
			shellPath = /bin/sh;
			shellScript = "\"${SRCROOT}/Pods/Target Support Files/Pods-KatangaTests/Pods-KatangaTests-resources.sh\"\n";
			showEnvVarsInLog = 0;
		};
		3DF0CBDEE0D7DB545D8F3DA2 /* [CP] Check Pods Manifest.lock */ = {
			isa = PBXShellScriptBuildPhase;
			buildActionMask = 2147483647;
			files = (
			);
			inputPaths = (
			);
			name = "[CP] Check Pods Manifest.lock";
			outputPaths = (
			);
			runOnlyForDeploymentPostprocessing = 0;
			shellPath = /bin/sh;
			shellScript = "diff \"${PODS_ROOT}/../Podfile.lock\" \"${PODS_ROOT}/Manifest.lock\" > /dev/null\nif [ $? != 0 ] ; then\n    # print error to STDERR\n    echo \"error: The sandbox is not in sync with the Podfile.lock. Run 'pod install' or update your CocoaPods installation.\" >&2\n    exit 1\nfi\n";
			showEnvVarsInLog = 0;
		};
		6D3F3ACE937BA28DB88E466C /* [CP] Copy Pods Resources */ = {
			isa = PBXShellScriptBuildPhase;
			buildActionMask = 2147483647;
			files = (
			);
			inputPaths = (
			);
			name = "[CP] Copy Pods Resources";
			outputPaths = (
			);
			runOnlyForDeploymentPostprocessing = 0;
			shellPath = /bin/sh;
			shellScript = "\"${SRCROOT}/Pods/Target Support Files/Pods-Katanga/Pods-Katanga-resources.sh\"\n";
			showEnvVarsInLog = 0;
		};
		86F84AADF9045CEB21787106 /* [CP] Embed Pods Frameworks */ = {
			isa = PBXShellScriptBuildPhase;
			buildActionMask = 2147483647;
			files = (
			);
			inputPaths = (
			);
			name = "[CP] Embed Pods Frameworks";
			outputPaths = (
			);
			runOnlyForDeploymentPostprocessing = 0;
			shellPath = /bin/sh;
			shellScript = "\"${SRCROOT}/Pods/Target Support Files/Pods-Katanga/Pods-Katanga-frameworks.sh\"\n";
			showEnvVarsInLog = 0;
		};
		AC34FF75135A09D6F12901B0 /* [CP] Embed Pods Frameworks */ = {
			isa = PBXShellScriptBuildPhase;
			buildActionMask = 2147483647;
			files = (
			);
			inputPaths = (
			);
			name = "[CP] Embed Pods Frameworks";
			outputPaths = (
			);
			runOnlyForDeploymentPostprocessing = 0;
			shellPath = /bin/sh;
			shellScript = "\"${SRCROOT}/Pods/Target Support Files/Pods-KatangaTests/Pods-KatangaTests-frameworks.sh\"\n";
			showEnvVarsInLog = 0;
		};
		F260A5ED11879598A072F5A6 /* [CP] Check Pods Manifest.lock */ = {
			isa = PBXShellScriptBuildPhase;
			buildActionMask = 2147483647;
			files = (
			);
			inputPaths = (
			);
			name = "[CP] Check Pods Manifest.lock";
			outputPaths = (
			);
			runOnlyForDeploymentPostprocessing = 0;
			shellPath = /bin/sh;
			shellScript = "diff \"${PODS_ROOT}/../Podfile.lock\" \"${PODS_ROOT}/Manifest.lock\" > /dev/null\nif [ $? != 0 ] ; then\n    # print error to STDERR\n    echo \"error: The sandbox is not in sync with the Podfile.lock. Run 'pod install' or update your CocoaPods installation.\" >&2\n    exit 1\nfi\n";
			showEnvVarsInLog = 0;
		};
/* End PBXShellScriptBuildPhase section */

/* Begin PBXSourcesBuildPhase section */
		57266ADE1DAA2D01002C7C12 /* Sources */ = {
			isa = PBXSourcesBuildPhase;
			buildActionMask = 2147483647;
			files = (
				5789614E1DBC1DCB00C10285 /* NearBusStop.swift in Sources */,
				578961391DBBEE4F00C10285 /* BusStop.swift in Sources */,
				5789613D1DBBEEAE00C10285 /* BusApi.swift in Sources */,
				571EBB1B1DBCD90C00DC71C5 /* NibLoadable.swift in Sources */,
				571EBB0D1DBCB7B800DC71C5 /* NearBusStopCell.swift in Sources */,
				57266AE81DAA2D01002C7C12 /* InitialViewController.swift in Sources */,
				57266AE61DAA2D01002C7C12 /* AppDelegate.swift in Sources */,
				578961401DBBEF0000C10285 /* KatangaBusApiClient.swift in Sources */,
				571EBB181DBCC86F00DC71C5 /* BusComingCell.swift in Sources */,
				571EBB0A1DBCB3E800DC71C5 /* NearBusStopsViewController.swift in Sources */,
				5789613A1DBBEE4F00C10285 /* Route.swift in Sources */,
				571EBB1D1DBCD96100DC71C5 /* ReusableView.swift in Sources */,
				578961421DBBF8B900C10285 /* RoutesViewController.swift in Sources */,
				5789614B1DBC168A00C10285 /* RoutesCell.swift in Sources */,
				571EBB1F1DBCD9AF00DC71C5 /* UITableView+Katanga.swift in Sources */,
				578961471DBC012B00C10285 /* ActivityIndicator.swift in Sources */,
				57503F7D1DAAAB9000B39E24 /* UIColor+Katanga.swift in Sources */,
			);
			runOnlyForDeploymentPostprocessing = 0;
		};
		57266AF21DAA2D01002C7C12 /* Sources */ = {
			isa = PBXSourcesBuildPhase;
			buildActionMask = 2147483647;
			files = (
				57266AFB1DAA2D01002C7C12 /* KatangaTests.swift in Sources */,
			);
			runOnlyForDeploymentPostprocessing = 0;
		};
		57266AFD1DAA2D01002C7C12 /* Sources */ = {
			isa = PBXSourcesBuildPhase;
			buildActionMask = 2147483647;
			files = (
				57266B061DAA2D01002C7C12 /* KatangaUITests.swift in Sources */,
			);
			runOnlyForDeploymentPostprocessing = 0;
		};
/* End PBXSourcesBuildPhase section */

/* Begin PBXTargetDependency section */
		57266AF81DAA2D01002C7C12 /* PBXTargetDependency */ = {
			isa = PBXTargetDependency;
			target = 57266AE11DAA2D01002C7C12 /* Katanga */;
			targetProxy = 57266AF71DAA2D01002C7C12 /* PBXContainerItemProxy */;
		};
		57266B031DAA2D01002C7C12 /* PBXTargetDependency */ = {
			isa = PBXTargetDependency;
			target = 57266AE11DAA2D01002C7C12 /* Katanga */;
			targetProxy = 57266B021DAA2D01002C7C12 /* PBXContainerItemProxy */;
		};
/* End PBXTargetDependency section */

/* Begin PBXVariantGroup section */
		57266AE91DAA2D01002C7C12 /* Main.storyboard */ = {
			isa = PBXVariantGroup;
			children = (
				57266AEA1DAA2D01002C7C12 /* Base */,
			);
			name = Main.storyboard;
			sourceTree = "<group>";
		};
		57266AEE1DAA2D01002C7C12 /* LaunchScreen.storyboard */ = {
			isa = PBXVariantGroup;
			children = (
				57266AEF1DAA2D01002C7C12 /* Base */,
			);
			name = LaunchScreen.storyboard;
			sourceTree = "<group>";
		};
/* End PBXVariantGroup section */

/* Begin XCBuildConfiguration section */
		57266B081DAA2D01002C7C12 /* Debug */ = {
			isa = XCBuildConfiguration;
			buildSettings = {
				ALWAYS_SEARCH_USER_PATHS = NO;
				CLANG_ANALYZER_NONNULL = YES;
				CLANG_CXX_LANGUAGE_STANDARD = "gnu++0x";
				CLANG_CXX_LIBRARY = "libc++";
				CLANG_ENABLE_MODULES = YES;
				CLANG_ENABLE_OBJC_ARC = YES;
				CLANG_WARN_BOOL_CONVERSION = YES;
				CLANG_WARN_CONSTANT_CONVERSION = YES;
				CLANG_WARN_DIRECT_OBJC_ISA_USAGE = YES_ERROR;
				CLANG_WARN_DOCUMENTATION_COMMENTS = YES;
				CLANG_WARN_EMPTY_BODY = YES;
				CLANG_WARN_ENUM_CONVERSION = YES;
				CLANG_WARN_INFINITE_RECURSION = YES;
				CLANG_WARN_INT_CONVERSION = YES;
				CLANG_WARN_OBJC_ROOT_CLASS = YES_ERROR;
				CLANG_WARN_SUSPICIOUS_MOVES = YES;
				CLANG_WARN_UNREACHABLE_CODE = YES;
				CLANG_WARN__DUPLICATE_METHOD_MATCH = YES;
				"CODE_SIGN_IDENTITY[sdk=iphoneos*]" = "iPhone Developer";
				COPY_PHASE_STRIP = NO;
				DEBUG_INFORMATION_FORMAT = dwarf;
				ENABLE_STRICT_OBJC_MSGSEND = YES;
				ENABLE_TESTABILITY = YES;
				GCC_C_LANGUAGE_STANDARD = gnu99;
				GCC_DYNAMIC_NO_PIC = NO;
				GCC_NO_COMMON_BLOCKS = YES;
				GCC_OPTIMIZATION_LEVEL = 0;
				GCC_PREPROCESSOR_DEFINITIONS = (
					"DEBUG=1",
					"$(inherited)",
				);
				GCC_WARN_64_TO_32_BIT_CONVERSION = YES;
				GCC_WARN_ABOUT_RETURN_TYPE = YES_ERROR;
				GCC_WARN_UNDECLARED_SELECTOR = YES;
				GCC_WARN_UNINITIALIZED_AUTOS = YES_AGGRESSIVE;
				GCC_WARN_UNUSED_FUNCTION = YES;
				GCC_WARN_UNUSED_VARIABLE = YES;
				IPHONEOS_DEPLOYMENT_TARGET = 10.0;
				MTL_ENABLE_DEBUG_INFO = YES;
				ONLY_ACTIVE_ARCH = YES;
				SDKROOT = iphoneos;
				SWIFT_ACTIVE_COMPILATION_CONDITIONS = DEBUG;
				SWIFT_OPTIMIZATION_LEVEL = "-Onone";
			};
			name = Debug;
		};
		57266B091DAA2D01002C7C12 /* Release */ = {
			isa = XCBuildConfiguration;
			buildSettings = {
				ALWAYS_SEARCH_USER_PATHS = NO;
				CLANG_ANALYZER_NONNULL = YES;
				CLANG_CXX_LANGUAGE_STANDARD = "gnu++0x";
				CLANG_CXX_LIBRARY = "libc++";
				CLANG_ENABLE_MODULES = YES;
				CLANG_ENABLE_OBJC_ARC = YES;
				CLANG_WARN_BOOL_CONVERSION = YES;
				CLANG_WARN_CONSTANT_CONVERSION = YES;
				CLANG_WARN_DIRECT_OBJC_ISA_USAGE = YES_ERROR;
				CLANG_WARN_DOCUMENTATION_COMMENTS = YES;
				CLANG_WARN_EMPTY_BODY = YES;
				CLANG_WARN_ENUM_CONVERSION = YES;
				CLANG_WARN_INFINITE_RECURSION = YES;
				CLANG_WARN_INT_CONVERSION = YES;
				CLANG_WARN_OBJC_ROOT_CLASS = YES_ERROR;
				CLANG_WARN_SUSPICIOUS_MOVES = YES;
				CLANG_WARN_UNREACHABLE_CODE = YES;
				CLANG_WARN__DUPLICATE_METHOD_MATCH = YES;
				"CODE_SIGN_IDENTITY[sdk=iphoneos*]" = "iPhone Developer";
				COPY_PHASE_STRIP = NO;
				DEBUG_INFORMATION_FORMAT = "dwarf-with-dsym";
				ENABLE_NS_ASSERTIONS = NO;
				ENABLE_STRICT_OBJC_MSGSEND = YES;
				GCC_C_LANGUAGE_STANDARD = gnu99;
				GCC_NO_COMMON_BLOCKS = YES;
				GCC_WARN_64_TO_32_BIT_CONVERSION = YES;
				GCC_WARN_ABOUT_RETURN_TYPE = YES_ERROR;
				GCC_WARN_UNDECLARED_SELECTOR = YES;
				GCC_WARN_UNINITIALIZED_AUTOS = YES_AGGRESSIVE;
				GCC_WARN_UNUSED_FUNCTION = YES;
				GCC_WARN_UNUSED_VARIABLE = YES;
				IPHONEOS_DEPLOYMENT_TARGET = 10.0;
				MTL_ENABLE_DEBUG_INFO = NO;
				SDKROOT = iphoneos;
				SWIFT_OPTIMIZATION_LEVEL = "-Owholemodule";
				VALIDATE_PRODUCT = YES;
			};
			name = Release;
		};
		57266B0B1DAA2D01002C7C12 /* Debug */ = {
			isa = XCBuildConfiguration;
			baseConfigurationReference = 37AF01D659EF3EA94DF5D3B0 /* Pods-Katanga.debug.xcconfig */;
			buildSettings = {
				ASSETCATALOG_COMPILER_APPICON_NAME = AppIcon;
				INFOPLIST_FILE = Katanga/Info.plist;
				LD_RUNPATH_SEARCH_PATHS = "$(inherited) @executable_path/Frameworks";
				PRODUCT_BUNDLE_IDENTIFIER = es.craftsmanship.toledo.Katanga;
				PRODUCT_NAME = "$(TARGET_NAME)";
				SWIFT_VERSION = 3.0;
			};
			name = Debug;
		};
		57266B0C1DAA2D01002C7C12 /* Release */ = {
			isa = XCBuildConfiguration;
			baseConfigurationReference = EF23F5942F1D41FCE071FC77 /* Pods-Katanga.release.xcconfig */;
			buildSettings = {
				ASSETCATALOG_COMPILER_APPICON_NAME = AppIcon;
				INFOPLIST_FILE = Katanga/Info.plist;
				LD_RUNPATH_SEARCH_PATHS = "$(inherited) @executable_path/Frameworks";
				PRODUCT_BUNDLE_IDENTIFIER = es.craftsmanship.toledo.Katanga;
				PRODUCT_NAME = "$(TARGET_NAME)";
				SWIFT_VERSION = 3.0;
			};
			name = Release;
		};
		57266B0E1DAA2D01002C7C12 /* Debug */ = {
			isa = XCBuildConfiguration;
			baseConfigurationReference = 5217E5A9F020BCD3FB6D5BA8 /* Pods-KatangaTests.debug.xcconfig */;
			buildSettings = {
				ALWAYS_EMBED_SWIFT_STANDARD_LIBRARIES = YES;
				BUNDLE_LOADER = "$(TEST_HOST)";
				INFOPLIST_FILE = KatangaTests/Info.plist;
				LD_RUNPATH_SEARCH_PATHS = "$(inherited) @executable_path/Frameworks @loader_path/Frameworks";
				PRODUCT_BUNDLE_IDENTIFIER = es.craftsmanship.toledo.KatangaTests;
				PRODUCT_NAME = "$(TARGET_NAME)";
				SWIFT_VERSION = 3.0;
				TEST_HOST = "$(BUILT_PRODUCTS_DIR)/Katanga.app/Katanga";
			};
			name = Debug;
		};
		57266B0F1DAA2D01002C7C12 /* Release */ = {
			isa = XCBuildConfiguration;
			baseConfigurationReference = 1B520E40BEB35B8DCED8C035 /* Pods-KatangaTests.release.xcconfig */;
			buildSettings = {
				ALWAYS_EMBED_SWIFT_STANDARD_LIBRARIES = YES;
				BUNDLE_LOADER = "$(TEST_HOST)";
				INFOPLIST_FILE = KatangaTests/Info.plist;
				LD_RUNPATH_SEARCH_PATHS = "$(inherited) @executable_path/Frameworks @loader_path/Frameworks";
				PRODUCT_BUNDLE_IDENTIFIER = es.craftsmanship.toledo.KatangaTests;
				PRODUCT_NAME = "$(TARGET_NAME)";
				SWIFT_VERSION = 3.0;
				TEST_HOST = "$(BUILT_PRODUCTS_DIR)/Katanga.app/Katanga";
			};
			name = Release;
		};
		57266B111DAA2D01002C7C12 /* Debug */ = {
			isa = XCBuildConfiguration;
			buildSettings = {
				ALWAYS_EMBED_SWIFT_STANDARD_LIBRARIES = YES;
				INFOPLIST_FILE = KatangaUITests/Info.plist;
				LD_RUNPATH_SEARCH_PATHS = "$(inherited) @executable_path/Frameworks @loader_path/Frameworks";
				PRODUCT_BUNDLE_IDENTIFIER = es.craftsmanship.toledo.KatangaUITests;
				PRODUCT_NAME = "$(TARGET_NAME)";
				SWIFT_VERSION = 3.0;
				TEST_TARGET_NAME = Katanga;
			};
			name = Debug;
		};
		57266B121DAA2D01002C7C12 /* Release */ = {
			isa = XCBuildConfiguration;
			buildSettings = {
				ALWAYS_EMBED_SWIFT_STANDARD_LIBRARIES = YES;
				INFOPLIST_FILE = KatangaUITests/Info.plist;
				LD_RUNPATH_SEARCH_PATHS = "$(inherited) @executable_path/Frameworks @loader_path/Frameworks";
				PRODUCT_BUNDLE_IDENTIFIER = es.craftsmanship.toledo.KatangaUITests;
				PRODUCT_NAME = "$(TARGET_NAME)";
				SWIFT_VERSION = 3.0;
				TEST_TARGET_NAME = Katanga;
			};
			name = Release;
		};
/* End XCBuildConfiguration section */

/* Begin XCConfigurationList section */
		57266ADD1DAA2D01002C7C12 /* Build configuration list for PBXProject "Katanga" */ = {
			isa = XCConfigurationList;
			buildConfigurations = (
				57266B081DAA2D01002C7C12 /* Debug */,
				57266B091DAA2D01002C7C12 /* Release */,
			);
			defaultConfigurationIsVisible = 0;
			defaultConfigurationName = Release;
		};
		57266B0A1DAA2D01002C7C12 /* Build configuration list for PBXNativeTarget "Katanga" */ = {
			isa = XCConfigurationList;
			buildConfigurations = (
				57266B0B1DAA2D01002C7C12 /* Debug */,
				57266B0C1DAA2D01002C7C12 /* Release */,
			);
			defaultConfigurationIsVisible = 0;
			defaultConfigurationName = Release;
		};
		57266B0D1DAA2D01002C7C12 /* Build configuration list for PBXNativeTarget "KatangaTests" */ = {
			isa = XCConfigurationList;
			buildConfigurations = (
				57266B0E1DAA2D01002C7C12 /* Debug */,
				57266B0F1DAA2D01002C7C12 /* Release */,
			);
			defaultConfigurationIsVisible = 0;
			defaultConfigurationName = Release;
		};
		57266B101DAA2D01002C7C12 /* Build configuration list for PBXNativeTarget "KatangaUITests" */ = {
			isa = XCConfigurationList;
			buildConfigurations = (
				57266B111DAA2D01002C7C12 /* Debug */,
				57266B121DAA2D01002C7C12 /* Release */,
			);
			defaultConfigurationIsVisible = 0;
			defaultConfigurationName = Release;
		};
/* End XCConfigurationList section */
	};
	rootObject = 57266ADA1DAA2D01002C7C12 /* Project object */;
}
